# This file is autogenerated, do not edit; changes may be undone by the next 'dep ensure'.


[[projects]]
  name = "github.com/BurntSushi/toml"
  packages = ["."]
  revision = "bbd5bb678321a0d6e58f1099321dfa73391c1b6f"
  version = "v0.2.0"

[[projects]]
  branch = "master"
  name = "github.com/armon/go-metrics"
  packages = ["."]
  revision = "783273d703149aaeb9897cf58613d5af48861c25"

[[projects]]
  name = "github.com/boltdb/bolt"
  packages = ["."]
  revision = "aa66506030b376f848667d84d2596faa8a7099ea"
  version = "v1.0"

[[projects]]
  name = "github.com/garyburd/redigo"
  packages = [
    "internal",
    "redis"
  ]
  revision = "8873b2f1995f59d4bcdd2b0dc9858e2cb9bf0c13"
  version = "v1.0.0"

[[projects]]
  branch = "master"
  name = "github.com/go-cloud/go-zookeeper"
  packages = ["zk"]
  revision = "a75bd3e768869ad1a35a6c0dea7fa9aac41b76aa"

[[projects]]
  branch = "master"
  name = "github.com/go-cloud/zkhelper"
  packages = ["."]
  revision = "c0db2971045e0f19dce1b041948fb4867a938b09"

[[projects]]
  name = "github.com/gorilla/context"
  packages = ["."]
  revision = "1ea25387ff6f684839d82767c1733ff4d4d15d0a"
  version = "v1.1"

[[projects]]
  name = "github.com/gorilla/mux"
  packages = ["."]
  revision = "0eeaf8392f5b04950925b8a69fe70f110fa7cbfc"
  version = "v1.1"

[[projects]]
  branch = "master"
  name = "github.com/hashicorp/go-immutable-radix"
  packages = ["."]
  revision = "7f3cd4390caab3250a57f30efdb2a65dd7649ecf"

[[projects]]
  branch = "master"
  name = "github.com/hashicorp/go-msgpack"
  packages = ["codec"]
  revision = "fa3f63826f7c23912c15263591e65d54d080b458"

[[projects]]
  branch = "master"
  name = "github.com/hashicorp/golang-lru"
  packages = ["simplelru"]
  revision = "0fb14efe8c47ae851c0034ed7a448854d3d34cf3"

[[projects]]
  name = "github.com/hashicorp/raft"
  packages = ["."]
  revision = "5f09c4ffdbcd2a53768e78c47717415de12b6728"

[[projects]]
  name = "github.com/hashicorp/raft-boltdb"
  packages = ["."]
  revision = "a8adffd05b79e3d8b1817d46bbe387a112265b3e"

[[projects]]
  branch = "master"
  name = "github.com/siddontang/go"
  packages = [
    "log",
    "sync2"
  ]
  revision = "cb568a3e5cc06256f91a2da5a87455f717eb33f4"

[[projects]]
  branch = "master"
  name = "github.com/siddontang/redis-failover"
  packages = ["failover"]
  revision = "6259d5c2a47bba122a54f85848817ecd8ecead8f"

[[projects]]
  branch = "v1"
  name = "gopkg.in/check.v1"
  packages = ["."]
  revision = "20d25e2804050c1cd24a7eea1e7a6447dd0e74ec"

[solve-meta]
  analyzer-name = "dep"
  analyzer-version = 1
  inputs-digest = "5276530b374429ef5bae06e2e3ce83379d84f5de96bc270cc27da9ee3f7d4ba6"
  solver-name = "gps-cdcl"
  solver-version = 1
