# This file is autogenerated, do not edit; changes may be undone by the next 'dep ensure'.


[[projects]]
  name = "github.com/BurntSushi/toml"
  packages = ["."]
  revision = "b26d9c308763d68093482582cea63d69be07a0f0"
  version = "v0.3.0"

[[projects]]
  branch = "master"
  name = "github.com/armon/go-metrics"
  packages = ["."]
  revision = "783273d703149aaeb9897cf58613d5af48861c25"

[[projects]]
  name = "github.com/boltdb/bolt"
  packages = ["."]
  revision = "aa66506030b376f848667d84d2596faa8a7099ea"
  version = "v1.0"

[[projects]]
  name = "github.com/garyburd/redigo"
  packages = [
    "internal",
    "redis"
  ]
  revision = "a69d19351219b6dd56f274f96d85a7014a2ec34e"
  version = "v1.6.0"

[[projects]]
  branch = "master"
  name = "github.com/go-cloud/go-zookeeper"
  packages = ["zk"]
  revision = "a75bd3e768869ad1a35a6c0dea7fa9aac41b76aa"

[[projects]]
  branch = "master"
  name = "github.com/go-cloud/zkhelper"
  packages = ["."]
  revision = "c0db2971045e0f19dce1b041948fb4867a938b09"

[[projects]]
  name = "github.com/gorilla/context"
  packages = ["."]
  revision = "1ea25387ff6f684839d82767c1733ff4d4d15d0a"
  version = "v1.1"

[[projects]]
  name = "github.com/gorilla/mux"
  packages = ["."]
  revision = "53c1911da2b537f792e7cafcb446b05ffe33b996"
  version = "v1.6.1"

[[projects]]
  branch = "master"
  name = "github.com/hashicorp/go-immutable-radix"
  packages = ["."]
  revision = "7f3cd4390caab3250a57f30efdb2a65dd7649ecf"

[[projects]]
  branch = "master"
  name = "github.com/hashicorp/go-msgpack"
  packages = ["codec"]
  revision = "fa3f63826f7c23912c15263591e65d54d080b458"

[[projects]]
  branch = "master"
  name = "github.com/hashicorp/golang-lru"
  packages = ["simplelru"]
  revision = "0fb14efe8c47ae851c0034ed7a448854d3d34cf3"

[[projects]]
  branch = "master"
  name = "github.com/hashicorp/raft"
  packages = ["."]
  revision = "a3fb4581fb07b16ecf1c3361580d4bdb17de9d98"

[[projects]]
  branch = "master"
  name = "github.com/magenta9/raft-boltdb"
  packages = ["."]
  revision = "3ba6dbeb53d74e5d96e7b6c5d4db2223661c8259"

[[projects]]
  branch = "master"
  name = "github.com/siddontang/go"
  packages = [
    "log",
    "sync2"
  ]
  revision = "cb568a3e5cc06256f91a2da5a87455f717eb33f4"

[[projects]]
  branch = "v1"
  name = "gopkg.in/check.v1"
  packages = ["."]
  revision = "20d25e2804050c1cd24a7eea1e7a6447dd0e74ec"

[solve-meta]
  analyzer-name = "dep"
  analyzer-version = 1
  inputs-digest = "55c04d1f4a5e026950532f2628c003317fa4a8495dea6bb16ada3376e5c23d9d"
  solver-name = "gps-cdcl"
  solver-version = 1
